
Microsoft Visual Studio Solution File, Format Version 12.00
# Visual Studio 15
VisualStudioVersion = 15.0.28307.106
MinimumVisualStudioVersion = 10.0.40219.1
Project("{9A19103F-16F7-4668-BE54-9A1E7A4F7556}") = "ASPNETCoreFundamentals", "ASPNETCoreFundamentals\ASPNETCoreFundamentals.csproj", "{DCD6E90D-B7A4-4F87-A59E-2F4DB900AB7B}"
EndProject
Project("{FAE04EC0-301F-11D3-BF4B-00C04F79EFBC}") = "ASPNETCoreFundamentals.Test", "ASPNETCoreFundamentals.Test\ASPNETCoreFundamentals.Test.csproj", "{3A3A05C4-0976-4FB4-AA18-08CB8CE96AF2}"
EndProject
Global
	GlobalSection(SolutionConfigurationPlatforms) = preSolution
		Debug|Any CPU = Debug|Any CPU
		Release|Any CPU = Release|Any CPU
	EndGlobalSection
	GlobalSection(ProjectConfigurationPlatforms) = postSolution
		{DCD6E90D-B7A4-4F87-A59E-2F4DB900AB7B}.Debug|Any CPU.ActiveCfg = Debug|Any CPU
		{DCD6E90D-B7A4-4F87-A59E-2F4DB900AB7B}.Debug|Any CPU.Build.0 = Debug|Any CPU
		{DCD6E90D-B7A4-4F87-A59E-2F4DB900AB7B}.Release|Any CPU.ActiveCfg = Release|Any CPU
		{DCD6E90D-B7A4-4F87-A59E-2F4DB900AB7B}.Release|Any CPU.Build.0 = Release|Any CPU
		{3A3A05C4-0976-4FB4-AA18-08CB8CE96AF2}.Debug|Any CPU.ActiveCfg = Debug|Any CPU
		{3A3A05C4-0976-4FB4-AA18-08CB8CE96AF2}.Debug|Any CPU.Build.0 = Debug|Any CPU
		{3A3A05C4-0976-4FB4-AA18-08CB8CE96AF2}.Release|Any CPU.ActiveCfg = Release|Any CPU
		{3A3A05C4-0976-4FB4-AA18-08CB8CE96AF2}.Release|Any CPU.Build.0 = Release|Any CPU
	EndGlobalSection
	GlobalSection(SolutionProperties) = preSolution
		HideSolutionNode = FALSE
	EndGlobalSection
	GlobalSection(ExtensibilityGlobals) = postSolution
		SolutionGuid = {7F604595-6DB8-4581-A13B-58EC00C8136F}
	EndGlobalSection
EndGlobal
